
Microsoft Visual Studio Solution File, Format Version 12.00
# Visual Studio 14
VisualStudioVersion = 14.0.25420.1
MinimumVisualStudioVersion = 10.0.40219.1
Project("{8BC9CEB8-8B4A-11D0-8D11-00A0C91BC942}") = "ArxProject3", "ArxProject3\ArxProject3.vcxproj", "{4AE72970-BEED-4455-B21F-F0BE7DE2766C}"
EndProject
Project("{8BC9CEB8-8B4A-11D0-8D11-00A0C91BC942}") = "CustomObjDBX", "CustomObjDBX\CustomObjDBX.vcxproj", "{4BD50B4A-AF33-4819-B2C1-03455DC21AAE}"
EndProject
Project("{8BC9CEB8-8B4A-11D0-8D11-00A0C91BC942}") = "MyMenu", "MyMenu\MyMenu.vcxproj", "{4766ACF3-F6E6-4F74-8464-278941F23B12}"
EndProject
Project("{8BC9CEB8-8B4A-11D0-8D11-00A0C91BC942}") = "MySqlCon", "MySqlCon\MySqlCon.vcxproj", "{272C24ED-A79B-4965-A9FE-12CC552FE7D4}"
EndProject
Project("{8BC9CEB8-8B4A-11D0-8D11-00A0C91BC942}") = "MyReactor", "MyReactor\MyReactor.vcxproj", "{4B90EAF7-A567-4871-A8D8-8C3660947E09}"
EndProject
Project("{8BC9CEB8-8B4A-11D0-8D11-00A0C91BC942}") = "MouseMsg", "MouseMsg\MouseMsg.vcxproj", "{728BA5D1-91B3-487C-8E28-D3FDDEEA23AF}"
EndProject
Project("{8BC9CEB8-8B4A-11D0-8D11-00A0C91BC942}") = "MouseWheelMsg", "MouseWheelMsg\MouseWheelMsg.vcxproj", "{F43B0DEB-F7E3-4CD1-9DA9-C384C7BD9FA1}"
EndProject
Project("{8BC9CEB8-8B4A-11D0-8D11-00A0C91BC942}") = "ECDDrawGrider", "ECDDrawGrider\ECDDrawGrider.vcxproj", "{0E239082-457A-47AA-A20F-9AED0D86BFD9}"
EndProject
Project("{8BC9CEB8-8B4A-11D0-8D11-00A0C91BC942}") = "TongJiAndLieBiao", "TongJiAndLieBiao\TongJiAndLieBiao.vcxproj", "{27495CA5-46DD-4933-BC49-C97EC97C6748}"
EndProject
Project("{8BC9CEB8-8B4A-11D0-8D11-00A0C91BC942}") = "ImPortExcel", "ImPortExcel\ImPortExcel.vcxproj", "{2DFDCA00-7835-4D95-B301-6252FC99E166}"
EndProject
Project("{8BC9CEB8-8B4A-11D0-8D11-00A0C91BC942}") = "AreaDengFen", "AreaDengFen\AreaDengFen.vcxproj", "{1A51B940-7B89-4FCF-9861-3F8AEBAB53CE}"
EndProject
Project("{8BC9CEB8-8B4A-11D0-8D11-00A0C91BC942}") = "CheckPolyline", "CheckPolyline\CheckPolyline.vcxproj", "{9312D5FC-794E-4C03-9F3B-21D4F0CFD435}"
EndProject
Project("{8BC9CEB8-8B4A-11D0-8D11-00A0C91BC942}") = "DongTaiGongXian", "DongTaiGongXian\DongTaiGongXian.vcxproj", "{8002748A-7146-48CC-B340-5595B4654F60}"
EndProject
Project("{8BC9CEB8-8B4A-11D0-8D11-00A0C91BC942}") = "ECDZhiXianDengJu", "ECDZhiXianDengJu\ECDZhiXianDengJu.vcxproj", "{64554EF4-9234-4E3B-910D-1F929C070E25}"
EndProject
Project("{8BC9CEB8-8B4A-11D0-8D11-00A0C91BC942}") = "MultiDaoJiao", "MultiDaoJiao\MultiDaoJiao.vcxproj", "{E9B9784F-8596-4D8C-87B6-B5B0E011B52E}"
EndProject
Project("{8BC9CEB8-8B4A-11D0-8D11-00A0C91BC942}") = "TongJiArea", "TongJiArea\TongJiArea.vcxproj", "{827CE9DF-69A5-45F9-A58E-4609F79742C8}"
EndProject
Global
	GlobalSection(SolutionConfigurationPlatforms) = preSolution
		Debug|x64 = Debug|x64
		Debug|x86 = Debug|x86
		Release|x64 = Release|x64
		Release|x86 = Release|x86
	EndGlobalSection
	GlobalSection(ProjectConfigurationPlatforms) = postSolution
		{4AE72970-BEED-4455-B21F-F0BE7DE2766C}.Debug|x64.ActiveCfg = Debug|x64
		{4AE72970-BEED-4455-B21F-F0BE7DE2766C}.Debug|x64.Build.0 = Debug|x64
		{4AE72970-BEED-4455-B21F-F0BE7DE2766C}.Debug|x86.ActiveCfg = Debug|Win32
		{4AE72970-BEED-4455-B21F-F0BE7DE2766C}.Debug|x86.Build.0 = Debug|Win32
		{4AE72970-BEED-4455-B21F-F0BE7DE2766C}.Release|x64.ActiveCfg = Release|x64
		{4AE72970-BEED-4455-B21F-F0BE7DE2766C}.Release|x64.Build.0 = Release|x64
		{4AE72970-BEED-4455-B21F-F0BE7DE2766C}.Release|x86.ActiveCfg = Release|Win32
		{4AE72970-BEED-4455-B21F-F0BE7DE2766C}.Release|x86.Build.0 = Release|Win32
		{4BD50B4A-AF33-4819-B2C1-03455DC21AAE}.Debug|x64.ActiveCfg = Debug|x64
		{4BD50B4A-AF33-4819-B2C1-03455DC21AAE}.Debug|x64.Build.0 = Debug|x64
		{4BD50B4A-AF33-4819-B2C1-03455DC21AAE}.Debug|x86.ActiveCfg = Debug|Win32
		{4BD50B4A-AF33-4819-B2C1-03455DC21AAE}.Debug|x86.Build.0 = Debug|Win32
		{4BD50B4A-AF33-4819-B2C1-03455DC21AAE}.Release|x64.ActiveCfg = Release|x64
		{4BD50B4A-AF33-4819-B2C1-03455DC21AAE}.Release|x64.Build.0 = Release|x64
		{4BD50B4A-AF33-4819-B2C1-03455DC21AAE}.Release|x86.ActiveCfg = Release|Win32
		{4BD50B4A-AF33-4819-B2C1-03455DC21AAE}.Release|x86.Build.0 = Release|Win32
		{4766ACF3-F6E6-4F74-8464-278941F23B12}.Debug|x64.ActiveCfg = Debug|x64
		{4766ACF3-F6E6-4F74-8464-278941F23B12}.Debug|x64.Build.0 = Debug|x64
		{4766ACF3-F6E6-4F74-8464-278941F23B12}.Debug|x86.ActiveCfg = Debug|Win32
		{4766ACF3-F6E6-4F74-8464-278941F23B12}.Debug|x86.Build.0 = Debug|Win32
		{4766ACF3-F6E6-4F74-8464-278941F23B12}.Release|x64.ActiveCfg = Release|x64
		{4766ACF3-F6E6-4F74-8464-278941F23B12}.Release|x64.Build.0 = Release|x64
		{4766ACF3-F6E6-4F74-8464-278941F23B12}.Release|x86.ActiveCfg = Release|Win32
		{4766ACF3-F6E6-4F74-8464-278941F23B12}.Release|x86.Build.0 = Release|Win32
		{272C24ED-A79B-4965-A9FE-12CC552FE7D4}.Debug|x64.ActiveCfg = Debug|x64
		{272C24ED-A79B-4965-A9FE-12CC552FE7D4}.Debug|x64.Build.0 = Debug|x64
		{272C24ED-A79B-4965-A9FE-12CC552FE7D4}.Debug|x86.ActiveCfg = Debug|Win32
		{272C24ED-A79B-4965-A9FE-12CC552FE7D4}.Debug|x86.Build.0 = Debug|Win32
		{272C24ED-A79B-4965-A9FE-12CC552FE7D4}.Release|x64.ActiveCfg = Release|x64
		{272C24ED-A79B-4965-A9FE-12CC552FE7D4}.Release|x64.Build.0 = Release|x64
		{272C24ED-A79B-4965-A9FE-12CC552FE7D4}.Release|x86.ActiveCfg = Release|Win32
		{272C24ED-A79B-4965-A9FE-12CC552FE7D4}.Release|x86.Build.0 = Release|Win32
		{4B90EAF7-A567-4871-A8D8-8C3660947E09}.Debug|x64.ActiveCfg = Debug|x64
		{4B90EAF7-A567-4871-A8D8-8C3660947E09}.Debug|x64.Build.0 = Debug|x64
		{4B90EAF7-A567-4871-A8D8-8C3660947E09}.Debug|x86.ActiveCfg = Debug|Win32
		{4B90EAF7-A567-4871-A8D8-8C3660947E09}.Debug|x86.Build.0 = Debug|Win32
		{4B90EAF7-A567-4871-A8D8-8C3660947E09}.Release|x64.ActiveCfg = Release|x64
		{4B90EAF7-A567-4871-A8D8-8C3660947E09}.Release|x64.Build.0 = Release|x64
		{4B90EAF7-A567-4871-A8D8-8C3660947E09}.Release|x86.ActiveCfg = Release|Win32
		{4B90EAF7-A567-4871-A8D8-8C3660947E09}.Release|x86.Build.0 = Release|Win32
		{728BA5D1-91B3-487C-8E28-D3FDDEEA23AF}.Debug|x64.ActiveCfg = Debug|x64
		{728BA5D1-91B3-487C-8E28-D3FDDEEA23AF}.Debug|x64.Build.0 = Debug|x64
		{728BA5D1-91B3-487C-8E28-D3FDDEEA23AF}.Debug|x86.ActiveCfg = Debug|Win32
		{728BA5D1-91B3-487C-8E28-D3FDDEEA23AF}.Debug|x86.Build.0 = Debug|Win32
		{728BA5D1-91B3-487C-8E28-D3FDDEEA23AF}.Release|x64.ActiveCfg = Release|x64
		{728BA5D1-91B3-487C-8E28-D3FDDEEA23AF}.Release|x64.Build.0 = Release|x64
		{728BA5D1-91B3-487C-8E28-D3FDDEEA23AF}.Release|x86.ActiveCfg = Release|Win32
		{728BA5D1-91B3-487C-8E28-D3FDDEEA23AF}.Release|x86.Build.0 = Release|Win32
		{F43B0DEB-F7E3-4CD1-9DA9-C384C7BD9FA1}.Debug|x64.ActiveCfg = Debug|x64
		{F43B0DEB-F7E3-4CD1-9DA9-C384C7BD9FA1}.Debug|x64.Build.0 = Debug|x64
		{F43B0DEB-F7E3-4CD1-9DA9-C384C7BD9FA1}.Debug|x86.ActiveCfg = Debug|Win32
		{F43B0DEB-F7E3-4CD1-9DA9-C384C7BD9FA1}.Debug|x86.Build.0 = Debug|Win32
		{F43B0DEB-F7E3-4CD1-9DA9-C384C7BD9FA1}.Release|x64.ActiveCfg = Release|x64
		{F43B0DEB-F7E3-4CD1-9DA9-C384C7BD9FA1}.Release|x64.Build.0 = Release|x64
		{F43B0DEB-F7E3-4CD1-9DA9-C384C7BD9FA1}.Release|x86.ActiveCfg = Release|Win32
		{F43B0DEB-F7E3-4CD1-9DA9-C384C7BD9FA1}.Release|x86.Build.0 = Release|Win32
		{0E239082-457A-47AA-A20F-9AED0D86BFD9}.Debug|x64.ActiveCfg = Debug|x64
		{0E239082-457A-47AA-A20F-9AED0D86BFD9}.Debug|x64.Build.0 = Debug|x64
		{0E239082-457A-47AA-A20F-9AED0D86BFD9}.Debug|x86.ActiveCfg = Debug|Win32
		{0E239082-457A-47AA-A20F-9AED0D86BFD9}.Debug|x86.Build.0 = Debug|Win32
		{0E239082-457A-47AA-A20F-9AED0D86BFD9}.Release|x64.ActiveCfg = Release|x64
		{0E239082-457A-47AA-A20F-9AED0D86BFD9}.Release|x64.Build.0 = Release|x64
		{0E239082-457A-47AA-A20F-9AED0D86BFD9}.Release|x86.ActiveCfg = Release|Win32
		{0E239082-457A-47AA-A20F-9AED0D86BFD9}.Release|x86.Build.0 = Release|Win32
		{27495CA5-46DD-4933-BC49-C97EC97C6748}.Debug|x64.ActiveCfg = Debug|x64
		{27495CA5-46DD-4933-BC49-C97EC97C6748}.Debug|x64.Build.0 = Debug|x64
		{27495CA5-46DD-4933-BC49-C97EC97C6748}.Debug|x86.ActiveCfg = Debug|Win32
		{27495CA5-46DD-4933-BC49-C97EC97C6748}.Debug|x86.Build.0 = Debug|Win32
		{27495CA5-46DD-4933-BC49-C97EC97C6748}.Release|x64.ActiveCfg = Release|x64
		{27495CA5-46DD-4933-BC49-C97EC97C6748}.Release|x64.Build.0 = Release|x64
		{27495CA5-46DD-4933-BC49-C97EC97C6748}.Release|x86.ActiveCfg = Release|Win32
		{27495CA5-46DD-4933-BC49-C97EC97C6748}.Release|x86.Build.0 = Release|Win32
		{2DFDCA00-7835-4D95-B301-6252FC99E166}.Debug|x64.ActiveCfg = Debug|x64
		{2DFDCA00-7835-4D95-B301-6252FC99E166}.Debug|x64.Build.0 = Debug|x64
		{2DFDCA00-7835-4D95-B301-6252FC99E166}.Debug|x86.ActiveCfg = Debug|Win32
		{2DFDCA00-7835-4D95-B301-6252FC99E166}.Debug|x86.Build.0 = Debug|Win32
		{2DFDCA00-7835-4D95-B301-6252FC99E166}.Release|x64.ActiveCfg = Release|x64
		{2DFDCA00-7835-4D95-B301-6252FC99E166}.Release|x64.Build.0 = Release|x64
		{2DFDCA00-7835-4D95-B301-6252FC99E166}.Release|x86.ActiveCfg = Release|Win32
		{2DFDCA00-7835-4D95-B301-6252FC99E166}.Release|x86.Build.0 = Release|Win32
		{1A51B940-7B89-4FCF-9861-3F8AEBAB53CE}.Debug|x64.ActiveCfg = Debug|x64
		{1A51B940-7B89-4FCF-9861-3F8AEBAB53CE}.Debug|x64.Build.0 = Debug|x64
		{1A51B940-7B89-4FCF-9861-3F8AEBAB53CE}.Debug|x86.ActiveCfg = Debug|Win32
		{1A51B940-7B89-4FCF-9861-3F8AEBAB53CE}.Debug|x86.Build.0 = Debug|Win32
		{1A51B940-7B89-4FCF-9861-3F8AEBAB53CE}.Release|x64.ActiveCfg = Release|x64
		{1A51B940-7B89-4FCF-9861-3F8AEBAB53CE}.Release|x64.Build.0 = Release|x64
		{1A51B940-7B89-4FCF-9861-3F8AEBAB53CE}.Release|x86.ActiveCfg = Release|Win32
		{1A51B940-7B89-4FCF-9861-3F8AEBAB53CE}.Release|x86.Build.0 = Release|Win32
		{9312D5FC-794E-4C03-9F3B-21D4F0CFD435}.Debug|x64.ActiveCfg = Debug|x64
		{9312D5FC-794E-4C03-9F3B-21D4F0CFD435}.Debug|x64.Build.0 = Debug|x64
		{9312D5FC-794E-4C03-9F3B-21D4F0CFD435}.Debug|x86.ActiveCfg = Debug|Win32
		{9312D5FC-794E-4C03-9F3B-21D4F0CFD435}.Debug|x86.Build.0 = Debug|Win32
		{9312D5FC-794E-4C03-9F3B-21D4F0CFD435}.Release|x64.ActiveCfg = Release|x64
		{9312D5FC-794E-4C03-9F3B-21D4F0CFD435}.Release|x64.Build.0 = Release|x64
		{9312D5FC-794E-4C03-9F3B-21D4F0CFD435}.Release|x86.ActiveCfg = Release|Win32
		{9312D5FC-794E-4C03-9F3B-21D4F0CFD435}.Release|x86.Build.0 = Release|Win32
		{8002748A-7146-48CC-B340-5595B4654F60}.Debug|x64.ActiveCfg = Debug|x64
		{8002748A-7146-48CC-B340-5595B4654F60}.Debug|x64.Build.0 = Debug|x64
		{8002748A-7146-48CC-B340-5595B4654F60}.Debug|x86.ActiveCfg = Debug|Win32
		{8002748A-7146-48CC-B340-5595B4654F60}.Debug|x86.Build.0 = Debug|Win32
		{8002748A-7146-48CC-B340-5595B4654F60}.Release|x64.ActiveCfg = Release|x64
		{8002748A-7146-48CC-B340-5595B4654F60}.Release|x64.Build.0 = Release|x64
		{8002748A-7146-48CC-B340-5595B4654F60}.Release|x86.ActiveCfg = Release|Win32
		{8002748A-7146-48CC-B340-5595B4654F60}.Release|x86.Build.0 = Release|Win32
		{64554EF4-9234-4E3B-910D-1F929C070E25}.Debug|x64.ActiveCfg = Debug|x64
		{64554EF4-9234-4E3B-910D-1F929C070E25}.Debug|x64.Build.0 = Debug|x64
		{64554EF4-9234-4E3B-910D-1F929C070E25}.Debug|x86.ActiveCfg = Debug|Win32
		{64554EF4-9234-4E3B-910D-1F929C070E25}.Debug|x86.Build.0 = Debug|Win32
		{64554EF4-9234-4E3B-910D-1F929C070E25}.Release|x64.ActiveCfg = Release|x64
		{64554EF4-9234-4E3B-910D-1F929C070E25}.Release|x64.Build.0 = Release|x64
		{64554EF4-9234-4E3B-910D-1F929C070E25}.Release|x86.ActiveCfg = Release|Win32
		{64554EF4-9234-4E3B-910D-1F929C070E25}.Release|x86.Build.0 = Release|Win32
		{E9B9784F-8596-4D8C-87B6-B5B0E011B52E}.Debug|x64.ActiveCfg = Debug|x64
		{E9B9784F-8596-4D8C-87B6-B5B0E011B52E}.Debug|x64.Build.0 = Debug|x64
		{E9B9784F-8596-4D8C-87B6-B5B0E011B52E}.Debug|x86.ActiveCfg = Debug|Win32
		{E9B9784F-8596-4D8C-87B6-B5B0E011B52E}.Debug|x86.Build.0 = Debug|Win32
		{E9B9784F-8596-4D8C-87B6-B5B0E011B52E}.Release|x64.ActiveCfg = Release|x64
		{E9B9784F-8596-4D8C-87B6-B5B0E011B52E}.Release|x64.Build.0 = Release|x64
		{E9B9784F-8596-4D8C-87B6-B5B0E011B52E}.Release|x86.ActiveCfg = Release|Win32
		{E9B9784F-8596-4D8C-87B6-B5B0E011B52E}.Release|x86.Build.0 = Release|Win32
		{827CE9DF-69A5-45F9-A58E-4609F79742C8}.Debug|x64.ActiveCfg = Debug|x64
		{827CE9DF-69A5-45F9-A58E-4609F79742C8}.Debug|x64.Build.0 = Debug|x64
		{827CE9DF-69A5-45F9-A58E-4609F79742C8}.Debug|x86.ActiveCfg = Debug|Win32
		{827CE9DF-69A5-45F9-A58E-4609F79742C8}.Debug|x86.Build.0 = Debug|Win32
		{827CE9DF-69A5-45F9-A58E-4609F79742C8}.Release|x64.ActiveCfg = Release|x64
		{827CE9DF-69A5-45F9-A58E-4609F79742C8}.Release|x64.Build.0 = Release|x64
		{827CE9DF-69A5-45F9-A58E-4609F79742C8}.Release|x86.ActiveCfg = Release|Win32
		{827CE9DF-69A5-45F9-A58E-4609F79742C8}.Release|x86.Build.0 = Release|Win32
	EndGlobalSection
	GlobalSection(SolutionProperties) = preSolution
		HideSolutionNode = FALSE
	EndGlobalSection
EndGlobal
