
Microsoft Visual Studio Solution File, Format Version 12.00
# Visual Studio 14
VisualStudioVersion = 14.0.23107.0
MinimumVisualStudioVersion = 10.0.40219.1
Project("{8BC9CEB8-8B4A-11D0-8D11-00A0C91BC942}") = "ArxProject3", "ArxProject3\ArxProject3.vcxproj", "{4AE72970-BEED-4455-B21F-F0BE7DE2766C}"
EndProject
Project("{8BC9CEB8-8B4A-11D0-8D11-00A0C91BC942}") = "CustomObjDBX", "CustomObjDBX\CustomObjDBX.vcxproj", "{4BD50B4A-AF33-4819-B2C1-03455DC21AAE}"
EndProject
Project("{8BC9CEB8-8B4A-11D0-8D11-00A0C91BC942}") = "MyMenu", "MyMenu\MyMenu.vcxproj", "{4766ACF3-F6E6-4F74-8464-278941F23B12}"
EndProject
Project("{8BC9CEB8-8B4A-11D0-8D11-00A0C91BC942}") = "MySqlCon", "MySqlCon\MySqlCon.vcxproj", "{272C24ED-A79B-4965-A9FE-12CC552FE7D4}"
EndProject
Project("{8BC9CEB8-8B4A-11D0-8D11-00A0C91BC942}") = "MyReactor", "MyReactor\MyReactor.vcxproj", "{4B90EAF7-A567-4871-A8D8-8C3660947E09}"
EndProject
Project("{8BC9CEB8-8B4A-11D0-8D11-00A0C91BC942}") = "MouseMsg", "MouseMsg\MouseMsg.vcxproj", "{728BA5D1-91B3-487C-8E28-D3FDDEEA23AF}"
EndProject
Project("{8BC9CEB8-8B4A-11D0-8D11-00A0C91BC942}") = "MouseWheelMsg", "MouseWheelMsg\MouseWheelMsg.vcxproj", "{F43B0DEB-F7E3-4CD1-9DA9-C384C7BD9FA1}"
EndProject
Project("{8BC9CEB8-8B4A-11D0-8D11-00A0C91BC942}") = "ECDDrawGrider", "ECDDrawGrider\ECDDrawGrider.vcxproj", "{0E239082-457A-47AA-A20F-9AED0D86BFD9}"
EndProject
Project("{8BC9CEB8-8B4A-11D0-8D11-00A0C91BC942}") = "TongJiAndLieBiao", "TongJiAndLieBiao\TongJiAndLieBiao.vcxproj", "{27495CA5-46DD-4933-BC49-C97EC97C6748}"
EndProject
Project("{8BC9CEB8-8B4A-11D0-8D11-00A0C91BC942}") = "ImPortExcel", "ImPortExcel\ImPortExcel.vcxproj", "{2DFDCA00-7835-4D95-B301-6252FC99E166}"
EndProject
Project("{8BC9CEB8-8B4A-11D0-8D11-00A0C91BC942}") = "AreaDengFen", "AreaDengFen\AreaDengFen.vcxproj", "{1A51B940-7B89-4FCF-9861-3F8AEBAB53CE}"
EndProject
Project("{8BC9CEB8-8B4A-11D0-8D11-00A0C91BC942}") = "CheckPolyline", "CheckPolyline\CheckPolyline.vcxproj", "{9312D5FC-794E-4C03-9F3B-21D4F0CFD435}"
EndProject
Project("{8BC9CEB8-8B4A-11D0-8D11-00A0C91BC942}") = "DongTaiGongXian", "DongTaiGongXian\DongTaiGongXian.vcxproj", "{8002748A-7146-48CC-B340-5595B4654F60}"
EndProject
Project("{8BC9CEB8-8B4A-11D0-8D11-00A0C91BC942}") = "ECDZhiXianDengJu", "ECDZhiXianDengJu\ECDZhiXianDengJu.vcxproj", "{64554EF4-9234-4E3B-910D-1F929C070E25}"
EndProject
Project("{8BC9CEB8-8B4A-11D0-8D11-00A0C91BC942}") = "MultiDaoJiao", "MultiDaoJiao\MultiDaoJiao.vcxproj", "{E9B9784F-8596-4D8C-87B6-B5B0E011B52E}"
EndProject
Project("{8BC9CEB8-8B4A-11D0-8D11-00A0C91BC942}") = "TongJiArea", "TongJiArea\TongJiArea.vcxproj", "{827CE9DF-69A5-45F9-A58E-4609F79742C8}"
EndProject
Project("{8BC9CEB8-8B4A-11D0-8D11-00A0C91BC942}") = "Test2", "Test2\Test2.vcxproj", "{3CFE7543-10B6-4D23-9BB8-D6F1B3F2DBCE}"
EndProject
Project("{8BC9CEB8-8B4A-11D0-8D11-00A0C91BC942}") = "EcdXiHe", "EcdXiHe\EcdXiHe.vcxproj", "{3D54435B-416A-4DBE-BAC6-088498451552}"
EndProject
Project("{8BC9CEB8-8B4A-11D0-8D11-00A0C91BC942}") = "EcdLunKuo", "EcdLunKuo\EcdLunKuo.vcxproj", "{ED04DBE6-E134-4F7F-85E4-AF05826B09F9}"
EndProject
Project("{8BC9CEB8-8B4A-11D0-8D11-00A0C91BC942}") = "EcdCzFZX", "EcdCzFZX\EcdCzFZX.vcxproj", "{0A36E169-A29E-4A5B-A9B0-7E8F6EB86CCC}"
EndProject
Project("{8BC9CEB8-8B4A-11D0-8D11-00A0C91BC942}") = "AcedCommand_trim", "AcedCommand_trim\AcedCommand_trim.vcxproj", "{68F25D0D-6A52-44F3-BDBB-817BB0125134}"
EndProject
Project("{8BC9CEB8-8B4A-11D0-8D11-00A0C91BC942}") = "qrencode", "qrencode\qrencode.vcxproj", "{945D29F1-AD22-4F2B-A399-43D117E5D9F7}"
EndProject
Project("{8BC9CEB8-8B4A-11D0-8D11-00A0C91BC942}") = "2dCode", "2dCode\2dCode.vcxproj", "{BB99A44D-3CBD-42B1-A136-DB4781CFC3F3}"
EndProject
Project("{8BC9CEB8-8B4A-11D0-8D11-00A0C91BC942}") = "EcdXClip", "EcdXClip\EcdXClip.vcxproj", "{1CC5EAB6-40ED-4075-BB1C-E68B5D126F11}"
EndProject
Project("{8BC9CEB8-8B4A-11D0-8D11-00A0C91BC942}") = "EcdJiaoDF", "EcdJiaoDF\EcdJiaoDF.vcxproj", "{772F8EEB-C785-4DE6-B366-8B6FC23CBDC3}"
EndProject
Project("{8BC9CEB8-8B4A-11D0-8D11-00A0C91BC942}") = "EcdMLeader", "EcdMLeader\EcdMLeader.vcxproj", "{8C668CB7-0EE6-4735-BA22-38C39A75EB22}"
EndProject
Project("{8BC9CEB8-8B4A-11D0-8D11-00A0C91BC942}") = "ECDFillHatch", "ECDFillHatch\ECDFillHatch.vcxproj", "{160C497A-5574-4B66-8EC6-93C24476070B}"
EndProject
Project("{8BC9CEB8-8B4A-11D0-8D11-00A0C91BC942}") = "EcdZiFuLX", "EcdZiFuLX\EcdZiFuLX.vcxproj", "{1F99B2E2-6FA3-46C8-82CD-AF902184B0EF}"
EndProject
Project("{8BC9CEB8-8B4A-11D0-8D11-00A0C91BC942}") = "ECDZJPl", "ECDZJPl\ECDZJPl.vcxproj", "{B775C502-F6FF-4689-BB6A-A4BDBC2AB5E1}"
EndProject
Project("{8BC9CEB8-8B4A-11D0-8D11-00A0C91BC942}") = "EcdQieXian", "EcdQieXian\EcdQieXian.vcxproj", "{F6E7F977-5283-4527-B4E4-A570A9CC35A4}"
EndProject
Project("{8BC9CEB8-8B4A-11D0-8D11-00A0C91BC942}") = "QiangToLiang", "QiangToLiang\QiangToLiang.vcxproj", "{55B9BFE0-A89B-4174-A054-8CFFAE36A277}"
EndProject
Project("{8BC9CEB8-8B4A-11D0-8D11-00A0C91BC942}") = "EcdZheZhao", "EcdZheZhao\EcdZheZhao.vcxproj", "{847FD319-A597-4D83-AA3B-ECDAFEC83C4D}"
EndProject
Project("{8BC9CEB8-8B4A-11D0-8D11-00A0C91BC942}") = "EcdMirror", "EcdMirror\EcdMirror.vcxproj", "{91F4A77D-238F-45E8-8D37-4DF0B9387A55}"
EndProject
Project("{8BC9CEB8-8B4A-11D0-8D11-00A0C91BC942}") = "EcdMirror16", "EcdMirror16\EcdMirror16.vcxproj", "{E51A5B33-6BC6-4FCE-A0DC-A6C6ACFDC718}"
EndProject
Project("{8BC9CEB8-8B4A-11D0-8D11-00A0C91BC942}") = "TongJiKuai", "TongJiKuai\TongJiKuai.vcxproj", "{3F4B6CBE-4ED3-46FE-B4D0-7F5ACAB6FD82}"
EndProject
Global
	GlobalSection(SolutionConfigurationPlatforms) = preSolution
		Debug|x64 = Debug|x64
		Debug|x86 = Debug|x86
		Release|x64 = Release|x64
		Release|x86 = Release|x86
	EndGlobalSection
	GlobalSection(ProjectConfigurationPlatforms) = postSolution
		{4AE72970-BEED-4455-B21F-F0BE7DE2766C}.Debug|x64.ActiveCfg = Debug|x64
		{4AE72970-BEED-4455-B21F-F0BE7DE2766C}.Debug|x64.Build.0 = Debug|x64
		{4AE72970-BEED-4455-B21F-F0BE7DE2766C}.Debug|x86.ActiveCfg = Debug|Win32
		{4AE72970-BEED-4455-B21F-F0BE7DE2766C}.Debug|x86.Build.0 = Debug|Win32
		{4AE72970-BEED-4455-B21F-F0BE7DE2766C}.Release|x64.ActiveCfg = Release|x64
		{4AE72970-BEED-4455-B21F-F0BE7DE2766C}.Release|x64.Build.0 = Release|x64
		{4AE72970-BEED-4455-B21F-F0BE7DE2766C}.Release|x86.ActiveCfg = Release|Win32
		{4AE72970-BEED-4455-B21F-F0BE7DE2766C}.Release|x86.Build.0 = Release|Win32
		{4BD50B4A-AF33-4819-B2C1-03455DC21AAE}.Debug|x64.ActiveCfg = Debug|x64
		{4BD50B4A-AF33-4819-B2C1-03455DC21AAE}.Debug|x64.Build.0 = Debug|x64
		{4BD50B4A-AF33-4819-B2C1-03455DC21AAE}.Debug|x86.ActiveCfg = Debug|Win32
		{4BD50B4A-AF33-4819-B2C1-03455DC21AAE}.Debug|x86.Build.0 = Debug|Win32
		{4BD50B4A-AF33-4819-B2C1-03455DC21AAE}.Release|x64.ActiveCfg = Release|x64
		{4BD50B4A-AF33-4819-B2C1-03455DC21AAE}.Release|x64.Build.0 = Release|x64
		{4BD50B4A-AF33-4819-B2C1-03455DC21AAE}.Release|x86.ActiveCfg = Release|Win32
		{4BD50B4A-AF33-4819-B2C1-03455DC21AAE}.Release|x86.Build.0 = Release|Win32
		{4766ACF3-F6E6-4F74-8464-278941F23B12}.Debug|x64.ActiveCfg = Debug|x64
		{4766ACF3-F6E6-4F74-8464-278941F23B12}.Debug|x64.Build.0 = Debug|x64
		{4766ACF3-F6E6-4F74-8464-278941F23B12}.Debug|x86.ActiveCfg = Debug|Win32
		{4766ACF3-F6E6-4F74-8464-278941F23B12}.Debug|x86.Build.0 = Debug|Win32
		{4766ACF3-F6E6-4F74-8464-278941F23B12}.Release|x64.ActiveCfg = Release|x64
		{4766ACF3-F6E6-4F74-8464-278941F23B12}.Release|x64.Build.0 = Release|x64
		{4766ACF3-F6E6-4F74-8464-278941F23B12}.Release|x86.ActiveCfg = Release|Win32
		{4766ACF3-F6E6-4F74-8464-278941F23B12}.Release|x86.Build.0 = Release|Win32
		{272C24ED-A79B-4965-A9FE-12CC552FE7D4}.Debug|x64.ActiveCfg = Debug|x64
		{272C24ED-A79B-4965-A9FE-12CC552FE7D4}.Debug|x64.Build.0 = Debug|x64
		{272C24ED-A79B-4965-A9FE-12CC552FE7D4}.Debug|x86.ActiveCfg = Debug|Win32
		{272C24ED-A79B-4965-A9FE-12CC552FE7D4}.Debug|x86.Build.0 = Debug|Win32
		{272C24ED-A79B-4965-A9FE-12CC552FE7D4}.Release|x64.ActiveCfg = Release|x64
		{272C24ED-A79B-4965-A9FE-12CC552FE7D4}.Release|x64.Build.0 = Release|x64
		{272C24ED-A79B-4965-A9FE-12CC552FE7D4}.Release|x86.ActiveCfg = Release|Win32
		{272C24ED-A79B-4965-A9FE-12CC552FE7D4}.Release|x86.Build.0 = Release|Win32
		{4B90EAF7-A567-4871-A8D8-8C3660947E09}.Debug|x64.ActiveCfg = Debug|x64
		{4B90EAF7-A567-4871-A8D8-8C3660947E09}.Debug|x64.Build.0 = Debug|x64
		{4B90EAF7-A567-4871-A8D8-8C3660947E09}.Debug|x86.ActiveCfg = Debug|Win32
		{4B90EAF7-A567-4871-A8D8-8C3660947E09}.Debug|x86.Build.0 = Debug|Win32
		{4B90EAF7-A567-4871-A8D8-8C3660947E09}.Release|x64.ActiveCfg = Release|x64
		{4B90EAF7-A567-4871-A8D8-8C3660947E09}.Release|x64.Build.0 = Release|x64
		{4B90EAF7-A567-4871-A8D8-8C3660947E09}.Release|x86.ActiveCfg = Release|Win32
		{4B90EAF7-A567-4871-A8D8-8C3660947E09}.Release|x86.Build.0 = Release|Win32
		{728BA5D1-91B3-487C-8E28-D3FDDEEA23AF}.Debug|x64.ActiveCfg = Debug|x64
		{728BA5D1-91B3-487C-8E28-D3FDDEEA23AF}.Debug|x64.Build.0 = Debug|x64
		{728BA5D1-91B3-487C-8E28-D3FDDEEA23AF}.Debug|x86.ActiveCfg = Debug|Win32
		{728BA5D1-91B3-487C-8E28-D3FDDEEA23AF}.Debug|x86.Build.0 = Debug|Win32
		{728BA5D1-91B3-487C-8E28-D3FDDEEA23AF}.Release|x64.ActiveCfg = Release|x64
		{728BA5D1-91B3-487C-8E28-D3FDDEEA23AF}.Release|x64.Build.0 = Release|x64
		{728BA5D1-91B3-487C-8E28-D3FDDEEA23AF}.Release|x86.ActiveCfg = Release|Win32
		{728BA5D1-91B3-487C-8E28-D3FDDEEA23AF}.Release|x86.Build.0 = Release|Win32
		{F43B0DEB-F7E3-4CD1-9DA9-C384C7BD9FA1}.Debug|x64.ActiveCfg = Debug|x64
		{F43B0DEB-F7E3-4CD1-9DA9-C384C7BD9FA1}.Debug|x64.Build.0 = Debug|x64
		{F43B0DEB-F7E3-4CD1-9DA9-C384C7BD9FA1}.Debug|x86.ActiveCfg = Debug|Win32
		{F43B0DEB-F7E3-4CD1-9DA9-C384C7BD9FA1}.Debug|x86.Build.0 = Debug|Win32
		{F43B0DEB-F7E3-4CD1-9DA9-C384C7BD9FA1}.Release|x64.ActiveCfg = Release|x64
		{F43B0DEB-F7E3-4CD1-9DA9-C384C7BD9FA1}.Release|x64.Build.0 = Release|x64
		{F43B0DEB-F7E3-4CD1-9DA9-C384C7BD9FA1}.Release|x86.ActiveCfg = Release|Win32
		{F43B0DEB-F7E3-4CD1-9DA9-C384C7BD9FA1}.Release|x86.Build.0 = Release|Win32
		{0E239082-457A-47AA-A20F-9AED0D86BFD9}.Debug|x64.ActiveCfg = Debug|x64
		{0E239082-457A-47AA-A20F-9AED0D86BFD9}.Debug|x64.Build.0 = Debug|x64
		{0E239082-457A-47AA-A20F-9AED0D86BFD9}.Debug|x86.ActiveCfg = Debug|Win32
		{0E239082-457A-47AA-A20F-9AED0D86BFD9}.Debug|x86.Build.0 = Debug|Win32
		{0E239082-457A-47AA-A20F-9AED0D86BFD9}.Release|x64.ActiveCfg = Release|x64
		{0E239082-457A-47AA-A20F-9AED0D86BFD9}.Release|x64.Build.0 = Release|x64
		{0E239082-457A-47AA-A20F-9AED0D86BFD9}.Release|x86.ActiveCfg = Release|Win32
		{0E239082-457A-47AA-A20F-9AED0D86BFD9}.Release|x86.Build.0 = Release|Win32
		{27495CA5-46DD-4933-BC49-C97EC97C6748}.Debug|x64.ActiveCfg = Debug|x64
		{27495CA5-46DD-4933-BC49-C97EC97C6748}.Debug|x64.Build.0 = Debug|x64
		{27495CA5-46DD-4933-BC49-C97EC97C6748}.Debug|x86.ActiveCfg = Debug|Win32
		{27495CA5-46DD-4933-BC49-C97EC97C6748}.Debug|x86.Build.0 = Debug|Win32
		{27495CA5-46DD-4933-BC49-C97EC97C6748}.Release|x64.ActiveCfg = Release|x64
		{27495CA5-46DD-4933-BC49-C97EC97C6748}.Release|x64.Build.0 = Release|x64
		{27495CA5-46DD-4933-BC49-C97EC97C6748}.Release|x86.ActiveCfg = Release|Win32
		{27495CA5-46DD-4933-BC49-C97EC97C6748}.Release|x86.Build.0 = Release|Win32
		{2DFDCA00-7835-4D95-B301-6252FC99E166}.Debug|x64.ActiveCfg = Debug|x64
		{2DFDCA00-7835-4D95-B301-6252FC99E166}.Debug|x64.Build.0 = Debug|x64
		{2DFDCA00-7835-4D95-B301-6252FC99E166}.Debug|x86.ActiveCfg = Debug|Win32
		{2DFDCA00-7835-4D95-B301-6252FC99E166}.Debug|x86.Build.0 = Debug|Win32
		{2DFDCA00-7835-4D95-B301-6252FC99E166}.Release|x64.ActiveCfg = Release|x64
		{2DFDCA00-7835-4D95-B301-6252FC99E166}.Release|x64.Build.0 = Release|x64
		{2DFDCA00-7835-4D95-B301-6252FC99E166}.Release|x86.ActiveCfg = Release|Win32
		{2DFDCA00-7835-4D95-B301-6252FC99E166}.Release|x86.Build.0 = Release|Win32
		{1A51B940-7B89-4FCF-9861-3F8AEBAB53CE}.Debug|x64.ActiveCfg = Debug|x64
		{1A51B940-7B89-4FCF-9861-3F8AEBAB53CE}.Debug|x64.Build.0 = Debug|x64
		{1A51B940-7B89-4FCF-9861-3F8AEBAB53CE}.Debug|x86.ActiveCfg = Debug|Win32
		{1A51B940-7B89-4FCF-9861-3F8AEBAB53CE}.Debug|x86.Build.0 = Debug|Win32
		{1A51B940-7B89-4FCF-9861-3F8AEBAB53CE}.Release|x64.ActiveCfg = Release|x64
		{1A51B940-7B89-4FCF-9861-3F8AEBAB53CE}.Release|x64.Build.0 = Release|x64
		{1A51B940-7B89-4FCF-9861-3F8AEBAB53CE}.Release|x86.ActiveCfg = Release|Win32
		{1A51B940-7B89-4FCF-9861-3F8AEBAB53CE}.Release|x86.Build.0 = Release|Win32
		{9312D5FC-794E-4C03-9F3B-21D4F0CFD435}.Debug|x64.ActiveCfg = Debug|x64
		{9312D5FC-794E-4C03-9F3B-21D4F0CFD435}.Debug|x64.Build.0 = Debug|x64
		{9312D5FC-794E-4C03-9F3B-21D4F0CFD435}.Debug|x86.ActiveCfg = Debug|Win32
		{9312D5FC-794E-4C03-9F3B-21D4F0CFD435}.Debug|x86.Build.0 = Debug|Win32
		{9312D5FC-794E-4C03-9F3B-21D4F0CFD435}.Release|x64.ActiveCfg = Release|x64
		{9312D5FC-794E-4C03-9F3B-21D4F0CFD435}.Release|x64.Build.0 = Release|x64
		{9312D5FC-794E-4C03-9F3B-21D4F0CFD435}.Release|x86.ActiveCfg = Release|Win32
		{9312D5FC-794E-4C03-9F3B-21D4F0CFD435}.Release|x86.Build.0 = Release|Win32
		{8002748A-7146-48CC-B340-5595B4654F60}.Debug|x64.ActiveCfg = Debug|x64
		{8002748A-7146-48CC-B340-5595B4654F60}.Debug|x64.Build.0 = Debug|x64
		{8002748A-7146-48CC-B340-5595B4654F60}.Debug|x86.ActiveCfg = Debug|Win32
		{8002748A-7146-48CC-B340-5595B4654F60}.Debug|x86.Build.0 = Debug|Win32
		{8002748A-7146-48CC-B340-5595B4654F60}.Release|x64.ActiveCfg = Release|x64
		{8002748A-7146-48CC-B340-5595B4654F60}.Release|x64.Build.0 = Release|x64
		{8002748A-7146-48CC-B340-5595B4654F60}.Release|x86.ActiveCfg = Release|Win32
		{8002748A-7146-48CC-B340-5595B4654F60}.Release|x86.Build.0 = Release|Win32
		{64554EF4-9234-4E3B-910D-1F929C070E25}.Debug|x64.ActiveCfg = Debug|x64
		{64554EF4-9234-4E3B-910D-1F929C070E25}.Debug|x64.Build.0 = Debug|x64
		{64554EF4-9234-4E3B-910D-1F929C070E25}.Debug|x86.ActiveCfg = Debug|Win32
		{64554EF4-9234-4E3B-910D-1F929C070E25}.Debug|x86.Build.0 = Debug|Win32
		{64554EF4-9234-4E3B-910D-1F929C070E25}.Release|x64.ActiveCfg = Release|x64
		{64554EF4-9234-4E3B-910D-1F929C070E25}.Release|x64.Build.0 = Release|x64
		{64554EF4-9234-4E3B-910D-1F929C070E25}.Release|x86.ActiveCfg = Release|Win32
		{64554EF4-9234-4E3B-910D-1F929C070E25}.Release|x86.Build.0 = Release|Win32
		{E9B9784F-8596-4D8C-87B6-B5B0E011B52E}.Debug|x64.ActiveCfg = Debug|x64
		{E9B9784F-8596-4D8C-87B6-B5B0E011B52E}.Debug|x64.Build.0 = Debug|x64
		{E9B9784F-8596-4D8C-87B6-B5B0E011B52E}.Debug|x86.ActiveCfg = Debug|Win32
		{E9B9784F-8596-4D8C-87B6-B5B0E011B52E}.Debug|x86.Build.0 = Debug|Win32
		{E9B9784F-8596-4D8C-87B6-B5B0E011B52E}.Release|x64.ActiveCfg = Release|x64
		{E9B9784F-8596-4D8C-87B6-B5B0E011B52E}.Release|x64.Build.0 = Release|x64
		{E9B9784F-8596-4D8C-87B6-B5B0E011B52E}.Release|x86.ActiveCfg = Release|Win32
		{E9B9784F-8596-4D8C-87B6-B5B0E011B52E}.Release|x86.Build.0 = Release|Win32
		{827CE9DF-69A5-45F9-A58E-4609F79742C8}.Debug|x64.ActiveCfg = Debug|x64
		{827CE9DF-69A5-45F9-A58E-4609F79742C8}.Debug|x64.Build.0 = Debug|x64
		{827CE9DF-69A5-45F9-A58E-4609F79742C8}.Debug|x86.ActiveCfg = Debug|Win32
		{827CE9DF-69A5-45F9-A58E-4609F79742C8}.Debug|x86.Build.0 = Debug|Win32
		{827CE9DF-69A5-45F9-A58E-4609F79742C8}.Release|x64.ActiveCfg = Release|x64
		{827CE9DF-69A5-45F9-A58E-4609F79742C8}.Release|x64.Build.0 = Release|x64
		{827CE9DF-69A5-45F9-A58E-4609F79742C8}.Release|x86.ActiveCfg = Release|Win32
		{827CE9DF-69A5-45F9-A58E-4609F79742C8}.Release|x86.Build.0 = Release|Win32
		{3CFE7543-10B6-4D23-9BB8-D6F1B3F2DBCE}.Debug|x64.ActiveCfg = Debug|x64
		{3CFE7543-10B6-4D23-9BB8-D6F1B3F2DBCE}.Debug|x64.Build.0 = Debug|x64
		{3CFE7543-10B6-4D23-9BB8-D6F1B3F2DBCE}.Debug|x86.ActiveCfg = Debug|Win32
		{3CFE7543-10B6-4D23-9BB8-D6F1B3F2DBCE}.Debug|x86.Build.0 = Debug|Win32
		{3CFE7543-10B6-4D23-9BB8-D6F1B3F2DBCE}.Release|x64.ActiveCfg = Release|x64
		{3CFE7543-10B6-4D23-9BB8-D6F1B3F2DBCE}.Release|x64.Build.0 = Release|x64
		{3CFE7543-10B6-4D23-9BB8-D6F1B3F2DBCE}.Release|x86.ActiveCfg = Release|Win32
		{3CFE7543-10B6-4D23-9BB8-D6F1B3F2DBCE}.Release|x86.Build.0 = Release|Win32
		{3D54435B-416A-4DBE-BAC6-088498451552}.Debug|x64.ActiveCfg = Debug|x64
		{3D54435B-416A-4DBE-BAC6-088498451552}.Debug|x64.Build.0 = Debug|x64
		{3D54435B-416A-4DBE-BAC6-088498451552}.Debug|x86.ActiveCfg = Debug|Win32
		{3D54435B-416A-4DBE-BAC6-088498451552}.Debug|x86.Build.0 = Debug|Win32
		{3D54435B-416A-4DBE-BAC6-088498451552}.Release|x64.ActiveCfg = Release|x64
		{3D54435B-416A-4DBE-BAC6-088498451552}.Release|x64.Build.0 = Release|x64
		{3D54435B-416A-4DBE-BAC6-088498451552}.Release|x86.ActiveCfg = Release|Win32
		{3D54435B-416A-4DBE-BAC6-088498451552}.Release|x86.Build.0 = Release|Win32
		{ED04DBE6-E134-4F7F-85E4-AF05826B09F9}.Debug|x64.ActiveCfg = Debug|x64
		{ED04DBE6-E134-4F7F-85E4-AF05826B09F9}.Debug|x64.Build.0 = Debug|x64
		{ED04DBE6-E134-4F7F-85E4-AF05826B09F9}.Debug|x86.ActiveCfg = Debug|Win32
		{ED04DBE6-E134-4F7F-85E4-AF05826B09F9}.Debug|x86.Build.0 = Debug|Win32
		{ED04DBE6-E134-4F7F-85E4-AF05826B09F9}.Release|x64.ActiveCfg = Release|x64
		{ED04DBE6-E134-4F7F-85E4-AF05826B09F9}.Release|x64.Build.0 = Release|x64
		{ED04DBE6-E134-4F7F-85E4-AF05826B09F9}.Release|x86.ActiveCfg = Release|Win32
		{ED04DBE6-E134-4F7F-85E4-AF05826B09F9}.Release|x86.Build.0 = Release|Win32
		{0A36E169-A29E-4A5B-A9B0-7E8F6EB86CCC}.Debug|x64.ActiveCfg = Debug|x64
		{0A36E169-A29E-4A5B-A9B0-7E8F6EB86CCC}.Debug|x64.Build.0 = Debug|x64
		{0A36E169-A29E-4A5B-A9B0-7E8F6EB86CCC}.Debug|x86.ActiveCfg = Debug|Win32
		{0A36E169-A29E-4A5B-A9B0-7E8F6EB86CCC}.Debug|x86.Build.0 = Debug|Win32
		{0A36E169-A29E-4A5B-A9B0-7E8F6EB86CCC}.Release|x64.ActiveCfg = Release|x64
		{0A36E169-A29E-4A5B-A9B0-7E8F6EB86CCC}.Release|x64.Build.0 = Release|x64
		{0A36E169-A29E-4A5B-A9B0-7E8F6EB86CCC}.Release|x86.ActiveCfg = Release|Win32
		{0A36E169-A29E-4A5B-A9B0-7E8F6EB86CCC}.Release|x86.Build.0 = Release|Win32
		{68F25D0D-6A52-44F3-BDBB-817BB0125134}.Debug|x64.ActiveCfg = Debug|x64
		{68F25D0D-6A52-44F3-BDBB-817BB0125134}.Debug|x64.Build.0 = Debug|x64
		{68F25D0D-6A52-44F3-BDBB-817BB0125134}.Debug|x86.ActiveCfg = Debug|Win32
		{68F25D0D-6A52-44F3-BDBB-817BB0125134}.Debug|x86.Build.0 = Debug|Win32
		{68F25D0D-6A52-44F3-BDBB-817BB0125134}.Release|x64.ActiveCfg = Release|x64
		{68F25D0D-6A52-44F3-BDBB-817BB0125134}.Release|x64.Build.0 = Release|x64
		{68F25D0D-6A52-44F3-BDBB-817BB0125134}.Release|x86.ActiveCfg = Release|Win32
		{68F25D0D-6A52-44F3-BDBB-817BB0125134}.Release|x86.Build.0 = Release|Win32
		{945D29F1-AD22-4F2B-A399-43D117E5D9F7}.Debug|x64.ActiveCfg = Debug|x64
		{945D29F1-AD22-4F2B-A399-43D117E5D9F7}.Debug|x64.Build.0 = Debug|x64
		{945D29F1-AD22-4F2B-A399-43D117E5D9F7}.Debug|x86.ActiveCfg = Debug|Win32
		{945D29F1-AD22-4F2B-A399-43D117E5D9F7}.Debug|x86.Build.0 = Debug|Win32
		{945D29F1-AD22-4F2B-A399-43D117E5D9F7}.Release|x64.ActiveCfg = Release|x64
		{945D29F1-AD22-4F2B-A399-43D117E5D9F7}.Release|x64.Build.0 = Release|x64
		{945D29F1-AD22-4F2B-A399-43D117E5D9F7}.Release|x86.ActiveCfg = Release|Win32
		{945D29F1-AD22-4F2B-A399-43D117E5D9F7}.Release|x86.Build.0 = Release|Win32
		{BB99A44D-3CBD-42B1-A136-DB4781CFC3F3}.Debug|x64.ActiveCfg = Debug|x64
		{BB99A44D-3CBD-42B1-A136-DB4781CFC3F3}.Debug|x64.Build.0 = Debug|x64
		{BB99A44D-3CBD-42B1-A136-DB4781CFC3F3}.Debug|x86.ActiveCfg = Debug|Win32
		{BB99A44D-3CBD-42B1-A136-DB4781CFC3F3}.Debug|x86.Build.0 = Debug|Win32
		{BB99A44D-3CBD-42B1-A136-DB4781CFC3F3}.Release|x64.ActiveCfg = Release|x64
		{BB99A44D-3CBD-42B1-A136-DB4781CFC3F3}.Release|x64.Build.0 = Release|x64
		{BB99A44D-3CBD-42B1-A136-DB4781CFC3F3}.Release|x86.ActiveCfg = Release|Win32
		{BB99A44D-3CBD-42B1-A136-DB4781CFC3F3}.Release|x86.Build.0 = Release|Win32
		{1CC5EAB6-40ED-4075-BB1C-E68B5D126F11}.Debug|x64.ActiveCfg = Debug|x64
		{1CC5EAB6-40ED-4075-BB1C-E68B5D126F11}.Debug|x64.Build.0 = Debug|x64
		{1CC5EAB6-40ED-4075-BB1C-E68B5D126F11}.Debug|x86.ActiveCfg = Debug|Win32
		{1CC5EAB6-40ED-4075-BB1C-E68B5D126F11}.Debug|x86.Build.0 = Debug|Win32
		{1CC5EAB6-40ED-4075-BB1C-E68B5D126F11}.Release|x64.ActiveCfg = Release|x64
		{1CC5EAB6-40ED-4075-BB1C-E68B5D126F11}.Release|x64.Build.0 = Release|x64
		{1CC5EAB6-40ED-4075-BB1C-E68B5D126F11}.Release|x86.ActiveCfg = Release|Win32
		{1CC5EAB6-40ED-4075-BB1C-E68B5D126F11}.Release|x86.Build.0 = Release|Win32
		{772F8EEB-C785-4DE6-B366-8B6FC23CBDC3}.Debug|x64.ActiveCfg = Debug|x64
		{772F8EEB-C785-4DE6-B366-8B6FC23CBDC3}.Debug|x64.Build.0 = Debug|x64
		{772F8EEB-C785-4DE6-B366-8B6FC23CBDC3}.Debug|x86.ActiveCfg = Debug|Win32
		{772F8EEB-C785-4DE6-B366-8B6FC23CBDC3}.Debug|x86.Build.0 = Debug|Win32
		{772F8EEB-C785-4DE6-B366-8B6FC23CBDC3}.Release|x64.ActiveCfg = Release|x64
		{772F8EEB-C785-4DE6-B366-8B6FC23CBDC3}.Release|x64.Build.0 = Release|x64
		{772F8EEB-C785-4DE6-B366-8B6FC23CBDC3}.Release|x86.ActiveCfg = Release|Win32
		{772F8EEB-C785-4DE6-B366-8B6FC23CBDC3}.Release|x86.Build.0 = Release|Win32
		{8C668CB7-0EE6-4735-BA22-38C39A75EB22}.Debug|x64.ActiveCfg = Debug|x64
		{8C668CB7-0EE6-4735-BA22-38C39A75EB22}.Debug|x64.Build.0 = Debug|x64
		{8C668CB7-0EE6-4735-BA22-38C39A75EB22}.Debug|x86.ActiveCfg = Debug|Win32
		{8C668CB7-0EE6-4735-BA22-38C39A75EB22}.Debug|x86.Build.0 = Debug|Win32
		{8C668CB7-0EE6-4735-BA22-38C39A75EB22}.Release|x64.ActiveCfg = Release|x64
		{8C668CB7-0EE6-4735-BA22-38C39A75EB22}.Release|x64.Build.0 = Release|x64
		{8C668CB7-0EE6-4735-BA22-38C39A75EB22}.Release|x86.ActiveCfg = Release|Win32
		{8C668CB7-0EE6-4735-BA22-38C39A75EB22}.Release|x86.Build.0 = Release|Win32
		{160C497A-5574-4B66-8EC6-93C24476070B}.Debug|x64.ActiveCfg = Debug|x64
		{160C497A-5574-4B66-8EC6-93C24476070B}.Debug|x64.Build.0 = Debug|x64
		{160C497A-5574-4B66-8EC6-93C24476070B}.Debug|x86.ActiveCfg = Debug|Win32
		{160C497A-5574-4B66-8EC6-93C24476070B}.Debug|x86.Build.0 = Debug|Win32
		{160C497A-5574-4B66-8EC6-93C24476070B}.Release|x64.ActiveCfg = Release|x64
		{160C497A-5574-4B66-8EC6-93C24476070B}.Release|x64.Build.0 = Release|x64
		{160C497A-5574-4B66-8EC6-93C24476070B}.Release|x86.ActiveCfg = Release|Win32
		{160C497A-5574-4B66-8EC6-93C24476070B}.Release|x86.Build.0 = Release|Win32
		{1F99B2E2-6FA3-46C8-82CD-AF902184B0EF}.Debug|x64.ActiveCfg = Debug|x64
		{1F99B2E2-6FA3-46C8-82CD-AF902184B0EF}.Debug|x64.Build.0 = Debug|x64
		{1F99B2E2-6FA3-46C8-82CD-AF902184B0EF}.Debug|x86.ActiveCfg = Debug|Win32
		{1F99B2E2-6FA3-46C8-82CD-AF902184B0EF}.Debug|x86.Build.0 = Debug|Win32
		{1F99B2E2-6FA3-46C8-82CD-AF902184B0EF}.Release|x64.ActiveCfg = Release|x64
		{1F99B2E2-6FA3-46C8-82CD-AF902184B0EF}.Release|x64.Build.0 = Release|x64
		{1F99B2E2-6FA3-46C8-82CD-AF902184B0EF}.Release|x86.ActiveCfg = Release|Win32
		{1F99B2E2-6FA3-46C8-82CD-AF902184B0EF}.Release|x86.Build.0 = Release|Win32
		{B775C502-F6FF-4689-BB6A-A4BDBC2AB5E1}.Debug|x64.ActiveCfg = Debug|x64
		{B775C502-F6FF-4689-BB6A-A4BDBC2AB5E1}.Debug|x64.Build.0 = Debug|x64
		{B775C502-F6FF-4689-BB6A-A4BDBC2AB5E1}.Debug|x86.ActiveCfg = Debug|Win32
		{B775C502-F6FF-4689-BB6A-A4BDBC2AB5E1}.Debug|x86.Build.0 = Debug|Win32
		{B775C502-F6FF-4689-BB6A-A4BDBC2AB5E1}.Release|x64.ActiveCfg = Release|x64
		{B775C502-F6FF-4689-BB6A-A4BDBC2AB5E1}.Release|x64.Build.0 = Release|x64
		{B775C502-F6FF-4689-BB6A-A4BDBC2AB5E1}.Release|x86.ActiveCfg = Release|Win32
		{B775C502-F6FF-4689-BB6A-A4BDBC2AB5E1}.Release|x86.Build.0 = Release|Win32
		{F6E7F977-5283-4527-B4E4-A570A9CC35A4}.Debug|x64.ActiveCfg = Debug|x64
		{F6E7F977-5283-4527-B4E4-A570A9CC35A4}.Debug|x64.Build.0 = Debug|x64
		{F6E7F977-5283-4527-B4E4-A570A9CC35A4}.Debug|x86.ActiveCfg = Debug|Win32
		{F6E7F977-5283-4527-B4E4-A570A9CC35A4}.Debug|x86.Build.0 = Debug|Win32
		{F6E7F977-5283-4527-B4E4-A570A9CC35A4}.Release|x64.ActiveCfg = Release|x64
		{F6E7F977-5283-4527-B4E4-A570A9CC35A4}.Release|x64.Build.0 = Release|x64
		{F6E7F977-5283-4527-B4E4-A570A9CC35A4}.Release|x86.ActiveCfg = Release|Win32
		{F6E7F977-5283-4527-B4E4-A570A9CC35A4}.Release|x86.Build.0 = Release|Win32
		{55B9BFE0-A89B-4174-A054-8CFFAE36A277}.Debug|x64.ActiveCfg = Debug|x64
		{55B9BFE0-A89B-4174-A054-8CFFAE36A277}.Debug|x64.Build.0 = Debug|x64
		{55B9BFE0-A89B-4174-A054-8CFFAE36A277}.Debug|x86.ActiveCfg = Debug|Win32
		{55B9BFE0-A89B-4174-A054-8CFFAE36A277}.Debug|x86.Build.0 = Debug|Win32
		{55B9BFE0-A89B-4174-A054-8CFFAE36A277}.Release|x64.ActiveCfg = Release|x64
		{55B9BFE0-A89B-4174-A054-8CFFAE36A277}.Release|x64.Build.0 = Release|x64
		{55B9BFE0-A89B-4174-A054-8CFFAE36A277}.Release|x86.ActiveCfg = Release|Win32
		{55B9BFE0-A89B-4174-A054-8CFFAE36A277}.Release|x86.Build.0 = Release|Win32
		{847FD319-A597-4D83-AA3B-ECDAFEC83C4D}.Debug|x64.ActiveCfg = Debug|x64
		{847FD319-A597-4D83-AA3B-ECDAFEC83C4D}.Debug|x64.Build.0 = Debug|x64
		{847FD319-A597-4D83-AA3B-ECDAFEC83C4D}.Debug|x86.ActiveCfg = Debug|Win32
		{847FD319-A597-4D83-AA3B-ECDAFEC83C4D}.Debug|x86.Build.0 = Debug|Win32
		{847FD319-A597-4D83-AA3B-ECDAFEC83C4D}.Release|x64.ActiveCfg = Release|x64
		{847FD319-A597-4D83-AA3B-ECDAFEC83C4D}.Release|x64.Build.0 = Release|x64
		{847FD319-A597-4D83-AA3B-ECDAFEC83C4D}.Release|x86.ActiveCfg = Release|Win32
		{847FD319-A597-4D83-AA3B-ECDAFEC83C4D}.Release|x86.Build.0 = Release|Win32
		{91F4A77D-238F-45E8-8D37-4DF0B9387A55}.Debug|x64.ActiveCfg = Debug|x64
		{91F4A77D-238F-45E8-8D37-4DF0B9387A55}.Debug|x64.Build.0 = Debug|x64
		{91F4A77D-238F-45E8-8D37-4DF0B9387A55}.Debug|x86.ActiveCfg = Debug|Win32
		{91F4A77D-238F-45E8-8D37-4DF0B9387A55}.Debug|x86.Build.0 = Debug|Win32
		{91F4A77D-238F-45E8-8D37-4DF0B9387A55}.Release|x64.ActiveCfg = Release|x64
		{91F4A77D-238F-45E8-8D37-4DF0B9387A55}.Release|x64.Build.0 = Release|x64
		{91F4A77D-238F-45E8-8D37-4DF0B9387A55}.Release|x86.ActiveCfg = Release|Win32
		{91F4A77D-238F-45E8-8D37-4DF0B9387A55}.Release|x86.Build.0 = Release|Win32
		{E51A5B33-6BC6-4FCE-A0DC-A6C6ACFDC718}.Debug|x64.ActiveCfg = Debug|x64
		{E51A5B33-6BC6-4FCE-A0DC-A6C6ACFDC718}.Debug|x64.Build.0 = Debug|x64
		{E51A5B33-6BC6-4FCE-A0DC-A6C6ACFDC718}.Debug|x86.ActiveCfg = Debug|Win32
		{E51A5B33-6BC6-4FCE-A0DC-A6C6ACFDC718}.Debug|x86.Build.0 = Debug|Win32
		{E51A5B33-6BC6-4FCE-A0DC-A6C6ACFDC718}.Release|x64.ActiveCfg = Release|x64
		{E51A5B33-6BC6-4FCE-A0DC-A6C6ACFDC718}.Release|x64.Build.0 = Release|x64
		{E51A5B33-6BC6-4FCE-A0DC-A6C6ACFDC718}.Release|x86.ActiveCfg = Release|Win32
		{E51A5B33-6BC6-4FCE-A0DC-A6C6ACFDC718}.Release|x86.Build.0 = Release|Win32
		{3F4B6CBE-4ED3-46FE-B4D0-7F5ACAB6FD82}.Debug|x64.ActiveCfg = Debug|x64
		{3F4B6CBE-4ED3-46FE-B4D0-7F5ACAB6FD82}.Debug|x64.Build.0 = Debug|x64
		{3F4B6CBE-4ED3-46FE-B4D0-7F5ACAB6FD82}.Debug|x86.ActiveCfg = Debug|Win32
		{3F4B6CBE-4ED3-46FE-B4D0-7F5ACAB6FD82}.Debug|x86.Build.0 = Debug|Win32
		{3F4B6CBE-4ED3-46FE-B4D0-7F5ACAB6FD82}.Release|x64.ActiveCfg = Release|x64
		{3F4B6CBE-4ED3-46FE-B4D0-7F5ACAB6FD82}.Release|x64.Build.0 = Release|x64
		{3F4B6CBE-4ED3-46FE-B4D0-7F5ACAB6FD82}.Release|x86.ActiveCfg = Release|Win32
		{3F4B6CBE-4ED3-46FE-B4D0-7F5ACAB6FD82}.Release|x86.Build.0 = Release|Win32
	EndGlobalSection
	GlobalSection(SolutionProperties) = preSolution
		HideSolutionNode = FALSE
	EndGlobalSection
EndGlobal
