
Microsoft Visual Studio Solution File, Format Version 12.00
# Visual Studio 14
VisualStudioVersion = 14.0.23107.0
MinimumVisualStudioVersion = 10.0.40219.1
Project("{8BC9CEB8-8B4A-11D0-8D11-00A0C91BC942}") = "ArxProject3", "ArxProject3\ArxProject3.vcxproj", "{4AE72970-BEED-4455-B21F-F0BE7DE2766C}"
EndProject
Project("{8BC9CEB8-8B4A-11D0-8D11-00A0C91BC942}") = "CustomObjDBX", "CustomObjDBX\CustomObjDBX.vcxproj", "{4BD50B4A-AF33-4819-B2C1-03455DC21AAE}"
EndProject
Project("{8BC9CEB8-8B4A-11D0-8D11-00A0C91BC942}") = "MyMenu", "MyMenu\MyMenu.vcxproj", "{4766ACF3-F6E6-4F74-8464-278941F23B12}"
EndProject
Project("{8BC9CEB8-8B4A-11D0-8D11-00A0C91BC942}") = "MySqlCon", "MySqlCon\MySqlCon.vcxproj", "{272C24ED-A79B-4965-A9FE-12CC552FE7D4}"
EndProject
Project("{8BC9CEB8-8B4A-11D0-8D11-00A0C91BC942}") = "MyReactor", "MyReactor\MyReactor.vcxproj", "{4B90EAF7-A567-4871-A8D8-8C3660947E09}"
EndProject
Global
	GlobalSection(SolutionConfigurationPlatforms) = preSolution
		Debug|x64 = Debug|x64
		Debug|x86 = Debug|x86
		Release|x64 = Release|x64
		Release|x86 = Release|x86
	EndGlobalSection
	GlobalSection(ProjectConfigurationPlatforms) = postSolution
		{4AE72970-BEED-4455-B21F-F0BE7DE2766C}.Debug|x64.ActiveCfg = Debug|x64
		{4AE72970-BEED-4455-B21F-F0BE7DE2766C}.Debug|x64.Build.0 = Debug|x64
		{4AE72970-BEED-4455-B21F-F0BE7DE2766C}.Debug|x86.ActiveCfg = Debug|Win32
		{4AE72970-BEED-4455-B21F-F0BE7DE2766C}.Debug|x86.Build.0 = Debug|Win32
		{4AE72970-BEED-4455-B21F-F0BE7DE2766C}.Release|x64.ActiveCfg = Release|x64
		{4AE72970-BEED-4455-B21F-F0BE7DE2766C}.Release|x64.Build.0 = Release|x64
		{4AE72970-BEED-4455-B21F-F0BE7DE2766C}.Release|x86.ActiveCfg = Release|Win32
		{4AE72970-BEED-4455-B21F-F0BE7DE2766C}.Release|x86.Build.0 = Release|Win32
		{4BD50B4A-AF33-4819-B2C1-03455DC21AAE}.Debug|x64.ActiveCfg = Debug|x64
		{4BD50B4A-AF33-4819-B2C1-03455DC21AAE}.Debug|x64.Build.0 = Debug|x64
		{4BD50B4A-AF33-4819-B2C1-03455DC21AAE}.Debug|x86.ActiveCfg = Debug|Win32
		{4BD50B4A-AF33-4819-B2C1-03455DC21AAE}.Debug|x86.Build.0 = Debug|Win32
		{4BD50B4A-AF33-4819-B2C1-03455DC21AAE}.Release|x64.ActiveCfg = Release|x64
		{4BD50B4A-AF33-4819-B2C1-03455DC21AAE}.Release|x64.Build.0 = Release|x64
		{4BD50B4A-AF33-4819-B2C1-03455DC21AAE}.Release|x86.ActiveCfg = Release|Win32
		{4BD50B4A-AF33-4819-B2C1-03455DC21AAE}.Release|x86.Build.0 = Release|Win32
		{4766ACF3-F6E6-4F74-8464-278941F23B12}.Debug|x64.ActiveCfg = Debug|x64
		{4766ACF3-F6E6-4F74-8464-278941F23B12}.Debug|x64.Build.0 = Debug|x64
		{4766ACF3-F6E6-4F74-8464-278941F23B12}.Debug|x86.ActiveCfg = Debug|Win32
		{4766ACF3-F6E6-4F74-8464-278941F23B12}.Debug|x86.Build.0 = Debug|Win32
		{4766ACF3-F6E6-4F74-8464-278941F23B12}.Release|x64.ActiveCfg = Release|x64
		{4766ACF3-F6E6-4F74-8464-278941F23B12}.Release|x64.Build.0 = Release|x64
		{4766ACF3-F6E6-4F74-8464-278941F23B12}.Release|x86.ActiveCfg = Release|Win32
		{4766ACF3-F6E6-4F74-8464-278941F23B12}.Release|x86.Build.0 = Release|Win32
		{272C24ED-A79B-4965-A9FE-12CC552FE7D4}.Debug|x64.ActiveCfg = Debug|x64
		{272C24ED-A79B-4965-A9FE-12CC552FE7D4}.Debug|x64.Build.0 = Debug|x64
		{272C24ED-A79B-4965-A9FE-12CC552FE7D4}.Debug|x86.ActiveCfg = Debug|Win32
		{272C24ED-A79B-4965-A9FE-12CC552FE7D4}.Debug|x86.Build.0 = Debug|Win32
		{272C24ED-A79B-4965-A9FE-12CC552FE7D4}.Release|x64.ActiveCfg = Release|x64
		{272C24ED-A79B-4965-A9FE-12CC552FE7D4}.Release|x64.Build.0 = Release|x64
		{272C24ED-A79B-4965-A9FE-12CC552FE7D4}.Release|x86.ActiveCfg = Release|Win32
		{272C24ED-A79B-4965-A9FE-12CC552FE7D4}.Release|x86.Build.0 = Release|Win32
		{4B90EAF7-A567-4871-A8D8-8C3660947E09}.Debug|x64.ActiveCfg = Debug|x64
		{4B90EAF7-A567-4871-A8D8-8C3660947E09}.Debug|x64.Build.0 = Debug|x64
		{4B90EAF7-A567-4871-A8D8-8C3660947E09}.Debug|x86.ActiveCfg = Debug|Win32
		{4B90EAF7-A567-4871-A8D8-8C3660947E09}.Debug|x86.Build.0 = Debug|Win32
		{4B90EAF7-A567-4871-A8D8-8C3660947E09}.Release|x64.ActiveCfg = Release|x64
		{4B90EAF7-A567-4871-A8D8-8C3660947E09}.Release|x64.Build.0 = Release|x64
		{4B90EAF7-A567-4871-A8D8-8C3660947E09}.Release|x86.ActiveCfg = Release|Win32
		{4B90EAF7-A567-4871-A8D8-8C3660947E09}.Release|x86.Build.0 = Release|Win32
	EndGlobalSection
	GlobalSection(SolutionProperties) = preSolution
		HideSolutionNode = FALSE
	EndGlobalSection
EndGlobal
